
Microsoft Visual Studio Solution File, Format Version 12.00
# Visual Studio Version 17
VisualStudioVersion = 17.2.32526.322
MinimumVisualStudioVersion = 10.0.40219.1
Project("{9A19103F-16F7-4668-BE54-9A1E7A4F7556}") = "BoasPraticas", "BoasPraticas\BoasPraticas.csproj", "{4B4BCE89-0E09-439A-A66E-DF9C699E0238}"
EndProject
Project("{9A19103F-16F7-4668-BE54-9A1E7A4F7556}") = "BoasPraticasUnitTest", "BoasPraticasUnitTest\BoasPraticasUnitTest.csproj", "{F32A9727-1FB0-4A95-BE59-58742C279B3A}"
EndProject
Global
	GlobalSection(SolutionConfigurationPlatforms) = preSolution
		Debug|Any CPU = Debug|Any CPU
		Release|Any CPU = Release|Any CPU
	EndGlobalSection
	GlobalSection(ProjectConfigurationPlatforms) = postSolution
		{4B4BCE89-0E09-439A-A66E-DF9C699E0238}.Debug|Any CPU.ActiveCfg = Debug|Any CPU
		{4B4BCE89-0E09-439A-A66E-DF9C699E0238}.Debug|Any CPU.Build.0 = Debug|Any CPU
		{4B4BCE89-0E09-439A-A66E-DF9C699E0238}.Release|Any CPU.ActiveCfg = Release|Any CPU
		{4B4BCE89-0E09-439A-A66E-DF9C699E0238}.Release|Any CPU.Build.0 = Release|Any CPU
		{F32A9727-1FB0-4A95-BE59-58742C279B3A}.Debug|Any CPU.ActiveCfg = Debug|Any CPU
		{F32A9727-1FB0-4A95-BE59-58742C279B3A}.Debug|Any CPU.Build.0 = Debug|Any CPU
		{F32A9727-1FB0-4A95-BE59-58742C279B3A}.Release|Any CPU.ActiveCfg = Release|Any CPU
		{F32A9727-1FB0-4A95-BE59-58742C279B3A}.Release|Any CPU.Build.0 = Release|Any CPU
	EndGlobalSection
	GlobalSection(SolutionProperties) = preSolution
		HideSolutionNode = FALSE
	EndGlobalSection
	GlobalSection(ExtensibilityGlobals) = postSolution
		SolutionGuid = {36CCAA77-ED7A-4571-A23E-41DFCA83488E}
	EndGlobalSection
EndGlobal
